// !$*UTF8*$!
{
	archiveVersion = 1;
	classes = {
	};
	objectVersion = 50;
	objects = {

/* Begin PBXBuildFile section */
		1871967624802831002EB4F2 /* AppDelegate.swift in Sources */ = {isa = PBXBuildFile; fileRef = 1871967524802831002EB4F2 /* AppDelegate.swift */; };
		1871967824802831002EB4F2 /* SceneDelegate.swift in Sources */ = {isa = PBXBuildFile; fileRef = 1871967724802831002EB4F2 /* SceneDelegate.swift */; };
		1871967D24802831002EB4F2 /* Main.storyboard in Resources */ = {isa = PBXBuildFile; fileRef = 1871967B24802831002EB4F2 /* Main.storyboard */; };
		1871967F24802842002EB4F2 /* Assets.xcassets in Resources */ = {isa = PBXBuildFile; fileRef = 1871967E24802842002EB4F2 /* Assets.xcassets */; };
		1871968224802842002EB4F2 /* LaunchScreen.storyboard in Resources */ = {isa = PBXBuildFile; fileRef = 1871968024802842002EB4F2 /* LaunchScreen.storyboard */; };
		1871969324806B25002EB4F2 /* ScanDeviceController.swift in Sources */ = {isa = PBXBuildFile; fileRef = 1871969224806B25002EB4F2 /* ScanDeviceController.swift */; };
/* End PBXBuildFile section */

/* Begin PBXFileReference section */
		1871967224802831002EB4F2 /* Cir Wireless.app */ = {isa = PBXFileReference; explicitFileType = wrapper.application; includeInIndex = 0; path = "Cir Wireless.app"; sourceTree = BUILT_PRODUCTS_DIR; };
		1871967524802831002EB4F2 /* AppDelegate.swift */ = {isa = PBXFileReference; lastKnownFileType = sourcecode.swift; path = AppDelegate.swift; sourceTree = "<group>"; };
		1871967724802831002EB4F2 /* SceneDelegate.swift */ = {isa = PBXFileReference; lastKnownFileType = sourcecode.swift; path = SceneDelegate.swift; sourceTree = "<group>"; };
		1871967C24802831002EB4F2 /* Base */ = {isa = PBXFileReference; lastKnownFileType = file.storyboard; name = Base; path = Base.lproj/Main.storyboard; sourceTree = "<group>"; };
		1871967E24802842002EB4F2 /* Assets.xcassets */ = {isa = PBXFileReference; lastKnownFileType = folder.assetcatalog; path = Assets.xcassets; sourceTree = "<group>"; };
		1871968124802842002EB4F2 /* Base */ = {isa = PBXFileReference; lastKnownFileType = file.storyboard; name = Base; path = Base.lproj/LaunchScreen.storyboard; sourceTree = "<group>"; };
		1871968324802842002EB4F2 /* Info.plist */ = {isa = PBXFileReference; lastKnownFileType = text.plist.xml; path = Info.plist; sourceTree = "<group>"; };
		1871969224806B25002EB4F2 /* ScanDeviceController.swift */ = {isa = PBXFileReference; lastKnownFileType = sourcecode.swift; path = ScanDeviceController.swift; sourceTree = "<group>"; };
/* End PBXFileReference section */

/* Begin PBXFrameworksBuildPhase section */
		1871966F24802831002EB4F2 /* Frameworks */ = {
			isa = PBXFrameworksBuildPhase;
			buildActionMask = 2147483647;
			files = (
			);
			runOnlyForDeploymentPostprocessing = 0;
		};
/* End PBXFrameworksBuildPhase section */

/* Begin PBXGroup section */
		1871966924802831002EB4F2 = {
			isa = PBXGroup;
			children = (
				1871967424802831002EB4F2 /* cir_wireless */,
				1871967324802831002EB4F2 /* Products */,
			);
			sourceTree = "<group>";
		};
		1871967324802831002EB4F2 /* Products */ = {
			isa = PBXGroup;
			children = (
				1871967224802831002EB4F2 /* Cir Wireless.app */,
			);
			name = Products;
			sourceTree = "<group>";
		};
		1871967424802831002EB4F2 /* cir_wireless */ = {
			isa = PBXGroup;
			children = (
				18719691248060C2002EB4F2 /* web_services */,
				1871968F24806048002EB4F2 /* bluetooth_low_energy */,
				1871968D24805E0E002EB4F2 /* test_ap_module */,
				1871968C24805DE1002EB4F2 /* config_ap_module */,
				1871968B24805DD6002EB4F2 /* connection_module */,
				1871968A24805DC4002EB4F2 /* utils */,
				1871968924805DA7002EB4F2 /* scan_module */,
				1871967524802831002EB4F2 /* AppDelegate.swift */,
				1871967724802831002EB4F2 /* SceneDelegate.swift */,
				1871967B24802831002EB4F2 /* Main.storyboard */,
				1871967E24802842002EB4F2 /* Assets.xcassets */,
				1871968024802842002EB4F2 /* LaunchScreen.storyboard */,
				1871968324802842002EB4F2 /* Info.plist */,
			);
			path = cir_wireless;
			sourceTree = "<group>";
		};
		1871968924805DA7002EB4F2 /* scan_module */ = {
			isa = PBXGroup;
			children = (
				1871969224806B25002EB4F2 /* ScanDeviceController.swift */,
			);
			path = scan_module;
			sourceTree = "<group>";
		};
		1871968A24805DC4002EB4F2 /* utils */ = {
			isa = PBXGroup;
			children = (
			);
			path = utils;
			sourceTree = "<group>";
		};
		1871968B24805DD6002EB4F2 /* connection_module */ = {
			isa = PBXGroup;
			children = (
			);
			path = connection_module;
			sourceTree = "<group>";
		};
		1871968C24805DE1002EB4F2 /* config_ap_module */ = {
			isa = PBXGroup;
			children = (
			);
			path = config_ap_module;
			sourceTree = "<group>";
		};
		1871968D24805E0E002EB4F2 /* test_ap_module */ = {
			isa = PBXGroup;
			children = (
			);
			path = test_ap_module;
			sourceTree = "<group>";
		};
		1871968F24806048002EB4F2 /* bluetooth_low_energy */ = {
			isa = PBXGroup;
			children = (
			);
			path = bluetooth_low_energy;
			sourceTree = "<group>";
		};
		18719691248060C2002EB4F2 /* web_services */ = {
			isa = PBXGroup;
			children = (
			);
			path = web_services;
			sourceTree = "<group>";
		};
/* End PBXGroup section */

/* Begin PBXNativeTarget section */
		1871967124802831002EB4F2 /* cir_wireless */ = {
			isa = PBXNativeTarget;
			buildConfigurationList = 1871968624802842002EB4F2 /* Build configuration list for PBXNativeTarget "cir_wireless" */;
			buildPhases = (
				1871966E24802831002EB4F2 /* Sources */,
				1871966F24802831002EB4F2 /* Frameworks */,
				1871967024802831002EB4F2 /* Resources */,
			);
			buildRules = (
			);
			dependencies = (
			);
			name = cir_wireless;
			productName = cir_wireless;
			productReference = 1871967224802831002EB4F2 /* Cir Wireless.app */;
			productType = "com.apple.product-type.application";
		};
/* End PBXNativeTarget section */

/* Begin PBXProject section */
		1871966A24802831002EB4F2 /* Project object */ = {
			isa = PBXProject;
			attributes = {
				LastSwiftUpdateCheck = 1140;
				LastUpgradeCheck = 1140;
				ORGANIZATIONNAME = SOFTEL;
				TargetAttributes = {
					1871967124802831002EB4F2 = {
						CreatedOnToolsVersion = 11.4.1;
					};
				};
			};
			buildConfigurationList = 1871966D24802831002EB4F2 /* Build configuration list for PBXProject "cir_wireless" */;
			compatibilityVersion = "Xcode 9.3";
			developmentRegion = en;
			hasScannedForEncodings = 0;
			knownRegions = (
				en,
				Base,
			);
			mainGroup = 1871966924802831002EB4F2;
			productRefGroup = 1871967324802831002EB4F2 /* Products */;
			projectDirPath = "";
			projectRoot = "";
			targets = (
				1871967124802831002EB4F2 /* cir_wireless */,
			);
		};
/* End PBXProject section */

/* Begin PBXResourcesBuildPhase section */
		1871967024802831002EB4F2 /* Resources */ = {
			isa = PBXResourcesBuildPhase;
			buildActionMask = 2147483647;
			files = (
				1871968224802842002EB4F2 /* LaunchScreen.storyboard in Resources */,
				1871967F24802842002EB4F2 /* Assets.xcassets in Resources */,
				1871967D24802831002EB4F2 /* Main.storyboard in Resources */,
			);
			runOnlyForDeploymentPostprocessing = 0;
		};
/* End PBXResourcesBuildPhase section */

/* Begin PBXSourcesBuildPhase section */
		1871966E24802831002EB4F2 /* Sources */ = {
			isa = PBXSourcesBuildPhase;
			buildActionMask = 2147483647;
			files = (
				1871969324806B25002EB4F2 /* ScanDeviceController.swift in Sources */,
				1871967624802831002EB4F2 /* AppDelegate.swift in Sources */,
				1871967824802831002EB4F2 /* SceneDelegate.swift in Sources */,
			);
			runOnlyForDeploymentPostprocessing = 0;
		};
/* End PBXSourcesBuildPhase section */

/* Begin PBXVariantGroup section */
		1871967B24802831002EB4F2 /* Main.storyboard */ = {
			isa = PBXVariantGroup;
			children = (
				1871967C24802831002EB4F2 /* Base */,
			);
			name = Main.storyboard;
			sourceTree = "<group>";
		};
		1871968024802842002EB4F2 /* LaunchScreen.storyboard */ = {
			isa = PBXVariantGroup;
			children = (
				1871968124802842002EB4F2 /* Base */,
			);
			name = LaunchScreen.storyboard;
			sourceTree = "<group>";
		};
/* End PBXVariantGroup section */

/* Begin XCBuildConfiguration section */
		1871968424802842002EB4F2 /* Debug */ = {
			isa = XCBuildConfiguration;
			buildSettings = {
				ALWAYS_SEARCH_USER_PATHS = NO;
				CLANG_ANALYZER_NONNULL = YES;
				CLANG_ANALYZER_NUMBER_OBJECT_CONVERSION = YES_AGGRESSIVE;
				CLANG_CXX_LANGUAGE_STANDARD = "gnu++14";
				CLANG_CXX_LIBRARY = "libc++";
				CLANG_ENABLE_MODULES = YES;
				CLANG_ENABLE_OBJC_ARC = YES;
				CLANG_ENABLE_OBJC_WEAK = YES;
				CLANG_WARN_BLOCK_CAPTURE_AUTORELEASING = YES;
				CLANG_WARN_BOOL_CONVERSION = YES;
				CLANG_WARN_COMMA = YES;
				CLANG_WARN_CONSTANT_CONVERSION = YES;
				CLANG_WARN_DEPRECATED_OBJC_IMPLEMENTATIONS = YES;
				CLANG_WARN_DIRECT_OBJC_ISA_USAGE = YES_ERROR;
				CLANG_WARN_DOCUMENTATION_COMMENTS = YES;
				CLANG_WARN_EMPTY_BODY = YES;
				CLANG_WARN_ENUM_CONVERSION = YES;
				CLANG_WARN_INFINITE_RECURSION = YES;
				CLANG_WARN_INT_CONVERSION = YES;
				CLANG_WARN_NON_LITERAL_NULL_CONVERSION = YES;
				CLANG_WARN_OBJC_IMPLICIT_RETAIN_SELF = YES;
				CLANG_WARN_OBJC_LITERAL_CONVERSION = YES;
				CLANG_WARN_OBJC_ROOT_CLASS = YES_ERROR;
				CLANG_WARN_RANGE_LOOP_ANALYSIS = YES;
				CLANG_WARN_STRICT_PROTOTYPES = YES;
				CLANG_WARN_SUSPICIOUS_MOVE = YES;
				CLANG_WARN_UNGUARDED_AVAILABILITY = YES_AGGRESSIVE;
				CLANG_WARN_UNREACHABLE_CODE = YES;
				CLANG_WARN__DUPLICATE_METHOD_MATCH = YES;
				COPY_PHASE_STRIP = NO;
				DEBUG_INFORMATION_FORMAT = dwarf;
				ENABLE_STRICT_OBJC_MSGSEND = YES;
				ENABLE_TESTABILITY = YES;
				GCC_C_LANGUAGE_STANDARD = gnu11;
				GCC_DYNAMIC_NO_PIC = NO;
				GCC_NO_COMMON_BLOCKS = YES;
				GCC_OPTIMIZATION_LEVEL = 0;
				GCC_PREPROCESSOR_DEFINITIONS = (
					"DEBUG=1",
					"$(inherited)",
				);
				GCC_WARN_64_TO_32_BIT_CONVERSION = YES;
				GCC_WARN_ABOUT_RETURN_TYPE = YES_ERROR;
				GCC_WARN_UNDECLARED_SELECTOR = YES;
				GCC_WARN_UNINITIALIZED_AUTOS = YES_AGGRESSIVE;
				GCC_WARN_UNUSED_FUNCTION = YES;
				GCC_WARN_UNUSED_VARIABLE = YES;
				IPHONEOS_DEPLOYMENT_TARGET = 13.4;
				MTL_ENABLE_DEBUG_INFO = INCLUDE_SOURCE;
				MTL_FAST_MATH = YES;
				ONLY_ACTIVE_ARCH = YES;
				SDKROOT = iphoneos;
				SWIFT_ACTIVE_COMPILATION_CONDITIONS = DEBUG;
				SWIFT_OPTIMIZATION_LEVEL = "-Onone";
			};
			name = Debug;
		};
		1871968524802842002EB4F2 /* Release */ = {
			isa = XCBuildConfiguration;
			buildSettings = {
				ALWAYS_SEARCH_USER_PATHS = NO;
				CLANG_ANALYZER_NONNULL = YES;
				CLANG_ANALYZER_NUMBER_OBJECT_CONVERSION = YES_AGGRESSIVE;
				CLANG_CXX_LANGUAGE_STANDARD = "gnu++14";
				CLANG_CXX_LIBRARY = "libc++";
				CLANG_ENABLE_MODULES = YES;
				CLANG_ENABLE_OBJC_ARC = YES;
				CLANG_ENABLE_OBJC_WEAK = YES;
				CLANG_WARN_BLOCK_CAPTURE_AUTORELEASING = YES;
				CLANG_WARN_BOOL_CONVERSION = YES;
				CLANG_WARN_COMMA = YES;
				CLANG_WARN_CONSTANT_CONVERSION = YES;
				CLANG_WARN_DEPRECATED_OBJC_IMPLEMENTATIONS = YES;
				CLANG_WARN_DIRECT_OBJC_ISA_USAGE = YES_ERROR;
				CLANG_WARN_DOCUMENTATION_COMMENTS = YES;
				CLANG_WARN_EMPTY_BODY = YES;
				CLANG_WARN_ENUM_CONVERSION = YES;
				CLANG_WARN_INFINITE_RECURSION = YES;
				CLANG_WARN_INT_CONVERSION = YES;
				CLANG_WARN_NON_LITERAL_NULL_CONVERSION = YES;
				CLANG_WARN_OBJC_IMPLICIT_RETAIN_SELF = YES;
				CLANG_WARN_OBJC_LITERAL_CONVERSION = YES;
				CLANG_WARN_OBJC_ROOT_CLASS = YES_ERROR;
				CLANG_WARN_RANGE_LOOP_ANALYSIS = YES;
				CLANG_WARN_STRICT_PROTOTYPES = YES;
				CLANG_WARN_SUSPICIOUS_MOVE = YES;
				CLANG_WARN_UNGUARDED_AVAILABILITY = YES_AGGRESSIVE;
				CLANG_WARN_UNREACHABLE_CODE = YES;
				CLANG_WARN__DUPLICATE_METHOD_MATCH = YES;
				COPY_PHASE_STRIP = NO;
				DEBUG_INFORMATION_FORMAT = "dwarf-with-dsym";
				ENABLE_NS_ASSERTIONS = NO;
				ENABLE_STRICT_OBJC_MSGSEND = YES;
				GCC_C_LANGUAGE_STANDARD = gnu11;
				GCC_NO_COMMON_BLOCKS = YES;
				GCC_WARN_64_TO_32_BIT_CONVERSION = YES;
				GCC_WARN_ABOUT_RETURN_TYPE = YES_ERROR;
				GCC_WARN_UNDECLARED_SELECTOR = YES;
				GCC_WARN_UNINITIALIZED_AUTOS = YES_AGGRESSIVE;
				GCC_WARN_UNUSED_FUNCTION = YES;
				GCC_WARN_UNUSED_VARIABLE = YES;
				IPHONEOS_DEPLOYMENT_TARGET = 13.4;
				MTL_ENABLE_DEBUG_INFO = NO;
				MTL_FAST_MATH = YES;
				SDKROOT = iphoneos;
				SWIFT_COMPILATION_MODE = wholemodule;
				SWIFT_OPTIMIZATION_LEVEL = "-O";
				VALIDATE_PRODUCT = YES;
			};
			name = Release;
		};
		1871968724802842002EB4F2 /* Debug */ = {
			isa = XCBuildConfiguration;
			buildSettings = {
				ASSETCATALOG_COMPILER_APPICON_NAME = AppIcon;
				CODE_SIGN_STYLE = Automatic;
				DEVELOPMENT_TEAM = WD3BU8CW64;
				INFOPLIST_FILE = cir_wireless/Info.plist;
				IPHONEOS_DEPLOYMENT_TARGET = 13.4;
				LD_RUNPATH_SEARCH_PATHS = (
					"$(inherited)",
					"@executable_path/Frameworks",
				);
				MARKETING_VERSION = 0.0.0;
				PRODUCT_BUNDLE_IDENTIFIER = "com.softel.cir-wireless";
				PRODUCT_NAME = "Cir Wireless";
				SWIFT_VERSION = 5.0;
				TARGETED_DEVICE_FAMILY = 1;
			};
			name = Debug;
		};
		1871968824802842002EB4F2 /* Release */ = {
			isa = XCBuildConfiguration;
			buildSettings = {
				ASSETCATALOG_COMPILER_APPICON_NAME = AppIcon;
				CODE_SIGN_STYLE = Automatic;
				DEVELOPMENT_TEAM = WD3BU8CW64;
				INFOPLIST_FILE = cir_wireless/Info.plist;
				IPHONEOS_DEPLOYMENT_TARGET = 13.4;
				LD_RUNPATH_SEARCH_PATHS = (
					"$(inherited)",
					"@executable_path/Frameworks",
				);
				MARKETING_VERSION = 0.0.0;
				PRODUCT_BUNDLE_IDENTIFIER = "com.softel.cir-wireless";
				PRODUCT_NAME = "Cir Wireless";
				SWIFT_VERSION = 5.0;
				TARGETED_DEVICE_FAMILY = 1;
			};
			name = Release;
		};
/* End XCBuildConfiguration section */

/* Begin XCConfigurationList section */
		1871966D24802831002EB4F2 /* Build configuration list for PBXProject "cir_wireless" */ = {
			isa = XCConfigurationList;
			buildConfigurations = (
				1871968424802842002EB4F2 /* Debug */,
				1871968524802842002EB4F2 /* Release */,
			);
			defaultConfigurationIsVisible = 0;
			defaultConfigurationName = Release;
		};
		1871968624802842002EB4F2 /* Build configuration list for PBXNativeTarget "cir_wireless" */ = {
			isa = XCConfigurationList;
			buildConfigurations = (
				1871968724802842002EB4F2 /* Debug */,
				1871968824802842002EB4F2 /* Release */,
			);
			defaultConfigurationIsVisible = 0;
			defaultConfigurationName = Release;
		};
/* End XCConfigurationList section */
	};
	rootObject = 1871966A24802831002EB4F2 /* Project object */;
}
