// !$*UTF8*$!
{
	archiveVersion = 1;
	classes = {
	};
	objectVersion = 50;
	objects = {

/* Begin PBXBuildFile section */
		180793FA24A0FBE600A19221 /* CryptoData.swift in Sources */ = {isa = PBXBuildFile; fileRef = 180793F924A0FBE600A19221 /* CryptoData.swift */; };
		1807940224A0FE7100A19221 /* sftlencrypt.cpp in Sources */ = {isa = PBXBuildFile; fileRef = 1807940024A0FE7100A19221 /* sftlencrypt.cpp */; };
		1807940424A1063800A19221 /* CryptoConstants.swift in Sources */ = {isa = PBXBuildFile; fileRef = 1807940324A1063800A19221 /* CryptoConstants.swift */; };
		1807940624A1172000A19221 /* CurrentDate.swift in Sources */ = {isa = PBXBuildFile; fileRef = 1807940524A1172000A19221 /* CurrentDate.swift */; };
		1824E33624912C7B00F51B90 /* Localizable.strings in Resources */ = {isa = PBXBuildFile; fileRef = 1824E33824912C7B00F51B90 /* Localizable.strings */; };
		1824E35424913C0500F51B90 /* InfoPlist.strings in Resources */ = {isa = PBXBuildFile; fileRef = 1824E35624913C0500F51B90 /* InfoPlist.strings */; };
		182797D42481AAC5001DB18D /* Courtain.xib in Resources */ = {isa = PBXBuildFile; fileRef = 182797D32481AAC5001DB18D /* Courtain.xib */; };
		182797D62481AB2C001DB18D /* CourtainView.swift in Sources */ = {isa = PBXBuildFile; fileRef = 182797D52481AB2C001DB18D /* CourtainView.swift */; };
		182C625E2497D06400201DF4 /* ConfigurationController.swift in Sources */ = {isa = PBXBuildFile; fileRef = 182C625D2497D06400201DF4 /* ConfigurationController.swift */; };
		184B66F324ABB3C500F84E72 /* TestWiFiConnectionViewController.swift in Sources */ = {isa = PBXBuildFile; fileRef = 184B66F224ABB3C500F84E72 /* TestWiFiConnectionViewController.swift */; };
		184B879F2492466500FF9C84 /* CirWirelessCell.swift in Sources */ = {isa = PBXBuildFile; fileRef = 184B879D2492466500FF9C84 /* CirWirelessCell.swift */; };
		184B87A02492466500FF9C84 /* CirWirelessCell.xib in Resources */ = {isa = PBXBuildFile; fileRef = 184B879E2492466500FF9C84 /* CirWirelessCell.xib */; };
		1855017E24A509A30027F514 /* ExternalAccessory.framework in Frameworks */ = {isa = PBXBuildFile; fileRef = 1855017D24A509A30027F514 /* ExternalAccessory.framework */; };
		185EBF37248ACFAB009B8389 /* BluetoothGattConstants.swift in Sources */ = {isa = PBXBuildFile; fileRef = 185EBF36248ACFAB009B8389 /* BluetoothGattConstants.swift */; };
		185FD2A424AE9CB100A3D0ED /* Constants.swift in Sources */ = {isa = PBXBuildFile; fileRef = 185FD2A324AE9CB100A3D0ED /* Constants.swift */; };
		1864427024881A6000145AA7 /* RoundButton.swift in Sources */ = {isa = PBXBuildFile; fileRef = 1864426F24881A6000145AA7 /* RoundButton.swift */; };
		1869BCBE2486E415007095B4 /* QuickCommandPackage.swift in Sources */ = {isa = PBXBuildFile; fileRef = 1869BCBD2486E415007095B4 /* QuickCommandPackage.swift */; };
		1871967624802831002EB4F2 /* AppDelegate.swift in Sources */ = {isa = PBXBuildFile; fileRef = 1871967524802831002EB4F2 /* AppDelegate.swift */; };
		1871967824802831002EB4F2 /* SceneDelegate.swift in Sources */ = {isa = PBXBuildFile; fileRef = 1871967724802831002EB4F2 /* SceneDelegate.swift */; };
		1871967D24802831002EB4F2 /* Main.storyboard in Resources */ = {isa = PBXBuildFile; fileRef = 1871967B24802831002EB4F2 /* Main.storyboard */; };
		1871967F24802842002EB4F2 /* Assets.xcassets in Resources */ = {isa = PBXBuildFile; fileRef = 1871967E24802842002EB4F2 /* Assets.xcassets */; };
		1871968224802842002EB4F2 /* LaunchScreen.storyboard in Resources */ = {isa = PBXBuildFile; fileRef = 1871968024802842002EB4F2 /* LaunchScreen.storyboard */; };
		188C9FE324993628005478E7 /* ControllerIdentifiers.swift in Sources */ = {isa = PBXBuildFile; fileRef = 188C9FE224993628005478E7 /* ControllerIdentifiers.swift */; };
		18B7A002248FF03900DB520E /* ScanBleController.swift in Sources */ = {isa = PBXBuildFile; fileRef = 18B7A001248FF03900DB520E /* ScanBleController.swift */; };
		18B7A0072490155A00DB520E /* PopUpAlert.swift in Sources */ = {isa = PBXBuildFile; fileRef = 18B7A003248FF5B100DB520E /* PopUpAlert.swift */; };
		18CDB15F249AAAED0024DE00 /* AboutViewController.swift in Sources */ = {isa = PBXBuildFile; fileRef = 18CDB15E249AAAED0024DE00 /* AboutViewController.swift */; };
		18E299D624896D6800DAA22C /* CoreBluetoothActions.swift in Sources */ = {isa = PBXBuildFile; fileRef = 18E299D524896D6800DAA22C /* CoreBluetoothActions.swift */; };
		18E299D82489719E00DAA22C /* CirWirelessModel.swift in Sources */ = {isa = PBXBuildFile; fileRef = 18E299D72489719E00DAA22C /* CirWirelessModel.swift */; };
		18E299DA2489901300DAA22C /* BeaconModel.swift in Sources */ = {isa = PBXBuildFile; fileRef = 18E299D92489901300DAA22C /* BeaconModel.swift */; };
		18E6F446249D30C900401A56 /* CirWirelessCommands.swift in Sources */ = {isa = PBXBuildFile; fileRef = 18E6F445249D30C900401A56 /* CirWirelessCommands.swift */; };
		18F5BBB224A397E600DF0C40 /* AccessPointViewController.swift in Sources */ = {isa = PBXBuildFile; fileRef = 18F5BBB124A397E600DF0C40 /* AccessPointViewController.swift */; };
		18F5BBB424A3A91A00DF0C40 /* CirProtocolPackage.swift in Sources */ = {isa = PBXBuildFile; fileRef = 18F5BBB324A3A91A00DF0C40 /* CirProtocolPackage.swift */; };
		18FB92F62492A7E500758541 /* ProgramExtensions.swift in Sources */ = {isa = PBXBuildFile; fileRef = 18FB92F52492A7E500758541 /* ProgramExtensions.swift */; };
/* End PBXBuildFile section */

/* Begin PBXFileReference section */
		180793F924A0FBE600A19221 /* CryptoData.swift */ = {isa = PBXFileReference; lastKnownFileType = sourcecode.swift; path = CryptoData.swift; sourceTree = "<group>"; };
		180793FF24A0FE7000A19221 /* cir_wireless-Bridging-Header.h */ = {isa = PBXFileReference; lastKnownFileType = sourcecode.c.h; path = "cir_wireless-Bridging-Header.h"; sourceTree = "<group>"; };
		1807940024A0FE7100A19221 /* sftlencrypt.cpp */ = {isa = PBXFileReference; lastKnownFileType = sourcecode.cpp.cpp; path = sftlencrypt.cpp; sourceTree = "<group>"; };
		1807940124A0FE7100A19221 /* sftlencrypt.hpp */ = {isa = PBXFileReference; lastKnownFileType = sourcecode.cpp.h; path = sftlencrypt.hpp; sourceTree = "<group>"; };
		1807940324A1063800A19221 /* CryptoConstants.swift */ = {isa = PBXFileReference; lastKnownFileType = sourcecode.swift; path = CryptoConstants.swift; sourceTree = "<group>"; };
		1807940524A1172000A19221 /* CurrentDate.swift */ = {isa = PBXFileReference; lastKnownFileType = sourcecode.swift; path = CurrentDate.swift; sourceTree = "<group>"; };
		1824E33724912C7B00F51B90 /* en */ = {isa = PBXFileReference; fileEncoding = 4; lastKnownFileType = text.plist.strings; name = en; path = en.lproj/Localizable.strings; sourceTree = "<group>"; };
		1824E33924912C8000F51B90 /* es */ = {isa = PBXFileReference; fileEncoding = 4; lastKnownFileType = text.plist.strings; name = es; path = es.lproj/Localizable.strings; sourceTree = "<group>"; };
		1824E35524913C0500F51B90 /* en */ = {isa = PBXFileReference; fileEncoding = 4; lastKnownFileType = text.plist.strings; name = en; path = en.lproj/InfoPlist.strings; sourceTree = "<group>"; };
		1824E35724913C0700F51B90 /* es */ = {isa = PBXFileReference; fileEncoding = 4; lastKnownFileType = text.plist.strings; name = es; path = es.lproj/InfoPlist.strings; sourceTree = "<group>"; };
		1824E3592491481700F51B90 /* en */ = {isa = PBXFileReference; lastKnownFileType = text.plist.strings; name = en; path = en.lproj/Main.strings; sourceTree = "<group>"; };
		182797D32481AAC5001DB18D /* Courtain.xib */ = {isa = PBXFileReference; lastKnownFileType = file.xib; path = Courtain.xib; sourceTree = "<group>"; };
		182797D52481AB2C001DB18D /* CourtainView.swift */ = {isa = PBXFileReference; lastKnownFileType = sourcecode.swift; path = CourtainView.swift; sourceTree = "<group>"; };
		182C625D2497D06400201DF4 /* ConfigurationController.swift */ = {isa = PBXFileReference; lastKnownFileType = sourcecode.swift; path = ConfigurationController.swift; sourceTree = "<group>"; };
		184B66F224ABB3C500F84E72 /* TestWiFiConnectionViewController.swift */ = {isa = PBXFileReference; lastKnownFileType = sourcecode.swift; path = TestWiFiConnectionViewController.swift; sourceTree = "<group>"; };
		184B879D2492466500FF9C84 /* CirWirelessCell.swift */ = {isa = PBXFileReference; lastKnownFileType = sourcecode.swift; path = CirWirelessCell.swift; sourceTree = "<group>"; };
		184B879E2492466500FF9C84 /* CirWirelessCell.xib */ = {isa = PBXFileReference; lastKnownFileType = file.xib; path = CirWirelessCell.xib; sourceTree = "<group>"; };
		1855017A24A5091E0027F514 /* Cir Wireless.entitlements */ = {isa = PBXFileReference; lastKnownFileType = text.plist.entitlements; path = "Cir Wireless.entitlements"; sourceTree = "<group>"; };
		1855017D24A509A30027F514 /* ExternalAccessory.framework */ = {isa = PBXFileReference; lastKnownFileType = wrapper.framework; name = ExternalAccessory.framework; path = System/Library/Frameworks/ExternalAccessory.framework; sourceTree = SDKROOT; };
		185EBF36248ACFAB009B8389 /* BluetoothGattConstants.swift */ = {isa = PBXFileReference; lastKnownFileType = sourcecode.swift; path = BluetoothGattConstants.swift; sourceTree = "<group>"; };
		185FD2A324AE9CB100A3D0ED /* Constants.swift */ = {isa = PBXFileReference; lastKnownFileType = sourcecode.swift; path = Constants.swift; sourceTree = "<group>"; };
		1864426F24881A6000145AA7 /* RoundButton.swift */ = {isa = PBXFileReference; lastKnownFileType = sourcecode.swift; path = RoundButton.swift; sourceTree = "<group>"; };
		1869BCBD2486E415007095B4 /* QuickCommandPackage.swift */ = {isa = PBXFileReference; lastKnownFileType = sourcecode.swift; path = QuickCommandPackage.swift; sourceTree = "<group>"; };
		1871967224802831002EB4F2 /* Cir Wireless.app */ = {isa = PBXFileReference; explicitFileType = wrapper.application; includeInIndex = 0; path = "Cir Wireless.app"; sourceTree = BUILT_PRODUCTS_DIR; };
		1871967524802831002EB4F2 /* AppDelegate.swift */ = {isa = PBXFileReference; lastKnownFileType = sourcecode.swift; path = AppDelegate.swift; sourceTree = "<group>"; };
		1871967724802831002EB4F2 /* SceneDelegate.swift */ = {isa = PBXFileReference; lastKnownFileType = sourcecode.swift; path = SceneDelegate.swift; sourceTree = "<group>"; };
		1871967C24802831002EB4F2 /* Base */ = {isa = PBXFileReference; lastKnownFileType = file.storyboard; name = Base; path = Base.lproj/Main.storyboard; sourceTree = "<group>"; };
		1871967E24802842002EB4F2 /* Assets.xcassets */ = {isa = PBXFileReference; lastKnownFileType = folder.assetcatalog; path = Assets.xcassets; sourceTree = "<group>"; };
		1871968124802842002EB4F2 /* Base */ = {isa = PBXFileReference; lastKnownFileType = file.storyboard; name = Base; path = Base.lproj/LaunchScreen.storyboard; sourceTree = "<group>"; };
		1871968324802842002EB4F2 /* Info.plist */ = {isa = PBXFileReference; lastKnownFileType = text.plist.xml; path = Info.plist; sourceTree = "<group>"; };
		188C9FE224993628005478E7 /* ControllerIdentifiers.swift */ = {isa = PBXFileReference; lastKnownFileType = sourcecode.swift; path = ControllerIdentifiers.swift; sourceTree = "<group>"; };
		18B7A001248FF03900DB520E /* ScanBleController.swift */ = {isa = PBXFileReference; lastKnownFileType = sourcecode.swift; path = ScanBleController.swift; sourceTree = "<group>"; };
		18B7A003248FF5B100DB520E /* PopUpAlert.swift */ = {isa = PBXFileReference; lastKnownFileType = sourcecode.swift; path = PopUpAlert.swift; sourceTree = "<group>"; };
		18B7A008249018B800DB520E /* es */ = {isa = PBXFileReference; lastKnownFileType = text.plist.strings; name = es; path = es.lproj/Main.strings; sourceTree = "<group>"; };
		18B7A009249018B800DB520E /* es */ = {isa = PBXFileReference; lastKnownFileType = text.plist.strings; name = es; path = es.lproj/LaunchScreen.strings; sourceTree = "<group>"; };
		18CDB15E249AAAED0024DE00 /* AboutViewController.swift */ = {isa = PBXFileReference; lastKnownFileType = sourcecode.swift; path = AboutViewController.swift; sourceTree = "<group>"; };
		18E299D524896D6800DAA22C /* CoreBluetoothActions.swift */ = {isa = PBXFileReference; lastKnownFileType = sourcecode.swift; path = CoreBluetoothActions.swift; sourceTree = "<group>"; };
		18E299D72489719E00DAA22C /* CirWirelessModel.swift */ = {isa = PBXFileReference; lastKnownFileType = sourcecode.swift; path = CirWirelessModel.swift; sourceTree = "<group>"; };
		18E299D92489901300DAA22C /* BeaconModel.swift */ = {isa = PBXFileReference; lastKnownFileType = sourcecode.swift; path = BeaconModel.swift; sourceTree = "<group>"; };
		18E6F445249D30C900401A56 /* CirWirelessCommands.swift */ = {isa = PBXFileReference; lastKnownFileType = sourcecode.swift; path = CirWirelessCommands.swift; sourceTree = "<group>"; };
		18F5BBB124A397E600DF0C40 /* AccessPointViewController.swift */ = {isa = PBXFileReference; lastKnownFileType = sourcecode.swift; path = AccessPointViewController.swift; sourceTree = "<group>"; };
		18F5BBB324A3A91A00DF0C40 /* CirProtocolPackage.swift */ = {isa = PBXFileReference; lastKnownFileType = sourcecode.swift; path = CirProtocolPackage.swift; sourceTree = "<group>"; };
		18FB92F52492A7E500758541 /* ProgramExtensions.swift */ = {isa = PBXFileReference; lastKnownFileType = sourcecode.swift; path = ProgramExtensions.swift; sourceTree = "<group>"; };
/* End PBXFileReference section */

/* Begin PBXFrameworksBuildPhase section */
		1871966F24802831002EB4F2 /* Frameworks */ = {
			isa = PBXFrameworksBuildPhase;
			buildActionMask = 2147483647;
			files = (
				1855017E24A509A30027F514 /* ExternalAccessory.framework in Frameworks */,
			);
			runOnlyForDeploymentPostprocessing = 0;
		};
/* End PBXFrameworksBuildPhase section */

/* Begin PBXGroup section */
		180793FB24A0FD9300A19221 /* cpp */ = {
			isa = PBXGroup;
			children = (
				180793F924A0FBE600A19221 /* CryptoData.swift */,
				1807940024A0FE7100A19221 /* sftlencrypt.cpp */,
				1807940124A0FE7100A19221 /* sftlencrypt.hpp */,
				180793FF24A0FE7000A19221 /* cir_wireless-Bridging-Header.h */,
				1807940324A1063800A19221 /* CryptoConstants.swift */,
			);
			path = cpp;
			sourceTree = "<group>";
		};
		182797C224819B60001DB18D /* reusable_views */ = {
			isa = PBXGroup;
			children = (
				182797C624819BC8001DB18D /* view_classes */,
				182797C524819BBF001DB18D /* views */,
			);
			path = reusable_views;
			sourceTree = "<group>";
		};
		182797C524819BBF001DB18D /* views */ = {
			isa = PBXGroup;
			children = (
				184B879E2492466500FF9C84 /* CirWirelessCell.xib */,
				182797D32481AAC5001DB18D /* Courtain.xib */,
			);
			path = views;
			sourceTree = "<group>";
		};
		182797C624819BC8001DB18D /* view_classes */ = {
			isa = PBXGroup;
			children = (
				182797D52481AB2C001DB18D /* CourtainView.swift */,
				1864426F24881A6000145AA7 /* RoundButton.swift */,
				184B879D2492466500FF9C84 /* CirWirelessCell.swift */,
			);
			path = view_classes;
			sourceTree = "<group>";
		};
		1855017C24A509A30027F514 /* Frameworks */ = {
			isa = PBXGroup;
			children = (
				1855017D24A509A30027F514 /* ExternalAccessory.framework */,
			);
			name = Frameworks;
			sourceTree = "<group>";
		};
		1871966924802831002EB4F2 = {
			isa = PBXGroup;
			children = (
				1871967424802831002EB4F2 /* cir_wireless */,
				1871967324802831002EB4F2 /* Products */,
				1855017C24A509A30027F514 /* Frameworks */,
			);
			sourceTree = "<group>";
		};
		1871967324802831002EB4F2 /* Products */ = {
			isa = PBXGroup;
			children = (
				1871967224802831002EB4F2 /* Cir Wireless.app */,
			);
			name = Products;
			sourceTree = "<group>";
		};
		1871967424802831002EB4F2 /* cir_wireless */ = {
			isa = PBXGroup;
			children = (
				1855017A24A5091E0027F514 /* Cir Wireless.entitlements */,
				18B7A0062490151A00DB520E /* utils */,
				182797C224819B60001DB18D /* reusable_views */,
				18719691248060C2002EB4F2 /* web_services */,
				1871968F24806048002EB4F2 /* bluetooth_low_energy */,
				1871968D24805E0E002EB4F2 /* test_ap_module */,
				1871968C24805DE1002EB4F2 /* config_ap_module */,
				1871968B24805DD6002EB4F2 /* connection_module */,
				1871968924805DA7002EB4F2 /* scan_module */,
				1871967524802831002EB4F2 /* AppDelegate.swift */,
				1871967724802831002EB4F2 /* SceneDelegate.swift */,
				18CDB15E249AAAED0024DE00 /* AboutViewController.swift */,
				1871967B24802831002EB4F2 /* Main.storyboard */,
				1871967E24802842002EB4F2 /* Assets.xcassets */,
				1871968024802842002EB4F2 /* LaunchScreen.storyboard */,
				1871968324802842002EB4F2 /* Info.plist */,
				1824E33824912C7B00F51B90 /* Localizable.strings */,
				1824E35624913C0500F51B90 /* InfoPlist.strings */,
			);
			path = cir_wireless;
			sourceTree = "<group>";
		};
		1871968924805DA7002EB4F2 /* scan_module */ = {
			isa = PBXGroup;
			children = (
				18B7A001248FF03900DB520E /* ScanBleController.swift */,
			);
			path = scan_module;
			sourceTree = "<group>";
		};
		1871968B24805DD6002EB4F2 /* connection_module */ = {
			isa = PBXGroup;
			children = (
				182C625D2497D06400201DF4 /* ConfigurationController.swift */,
			);
			path = connection_module;
			sourceTree = "<group>";
		};
		1871968C24805DE1002EB4F2 /* config_ap_module */ = {
			isa = PBXGroup;
			children = (
				18F5BBB124A397E600DF0C40 /* AccessPointViewController.swift */,
			);
			path = config_ap_module;
			sourceTree = "<group>";
		};
		1871968D24805E0E002EB4F2 /* test_ap_module */ = {
			isa = PBXGroup;
			children = (
				184B66F224ABB3C500F84E72 /* TestWiFiConnectionViewController.swift */,
			);
			path = test_ap_module;
			sourceTree = "<group>";
		};
		1871968F24806048002EB4F2 /* bluetooth_low_energy */ = {
			isa = PBXGroup;
			children = (
				180793FB24A0FD9300A19221 /* cpp */,
				18E299D92489901300DAA22C /* BeaconModel.swift */,
				18E299D72489719E00DAA22C /* CirWirelessModel.swift */,
				1869BCBD2486E415007095B4 /* QuickCommandPackage.swift */,
				18E299D524896D6800DAA22C /* CoreBluetoothActions.swift */,
				185EBF36248ACFAB009B8389 /* BluetoothGattConstants.swift */,
				18E6F445249D30C900401A56 /* CirWirelessCommands.swift */,
				18F5BBB324A3A91A00DF0C40 /* CirProtocolPackage.swift */,
			);
			path = bluetooth_low_energy;
			sourceTree = "<group>";
		};
		18719691248060C2002EB4F2 /* web_services */ = {
			isa = PBXGroup;
			children = (
			);
			path = web_services;
			sourceTree = "<group>";
		};
		18B7A0062490151A00DB520E /* utils */ = {
			isa = PBXGroup;
			children = (
				18B7A003248FF5B100DB520E /* PopUpAlert.swift */,
				18FB92F52492A7E500758541 /* ProgramExtensions.swift */,
				188C9FE224993628005478E7 /* ControllerIdentifiers.swift */,
				1807940524A1172000A19221 /* CurrentDate.swift */,
				185FD2A324AE9CB100A3D0ED /* Constants.swift */,
			);
			path = utils;
			sourceTree = "<group>";
		};
/* End PBXGroup section */

/* Begin PBXNativeTarget section */
		1871967124802831002EB4F2 /* cir_wireless */ = {
			isa = PBXNativeTarget;
			buildConfigurationList = 1871968624802842002EB4F2 /* Build configuration list for PBXNativeTarget "cir_wireless" */;
			buildPhases = (
				1871966E24802831002EB4F2 /* Sources */,
				1871966F24802831002EB4F2 /* Frameworks */,
				1871967024802831002EB4F2 /* Resources */,
			);
			buildRules = (
			);
			dependencies = (
			);
			name = cir_wireless;
			productName = cir_wireless;
			productReference = 1871967224802831002EB4F2 /* Cir Wireless.app */;
			productType = "com.apple.product-type.application";
		};
/* End PBXNativeTarget section */

/* Begin PBXProject section */
		1871966A24802831002EB4F2 /* Project object */ = {
			isa = PBXProject;
			attributes = {
				LastSwiftUpdateCheck = 1140;
				LastUpgradeCheck = 1140;
				ORGANIZATIONNAME = SOFTEL;
				TargetAttributes = {
					1871967124802831002EB4F2 = {
						CreatedOnToolsVersion = 11.4.1;
						LastSwiftMigration = 1150;
					};
				};
			};
			buildConfigurationList = 1871966D24802831002EB4F2 /* Build configuration list for PBXProject "cir_wireless" */;
			compatibilityVersion = "Xcode 9.3";
			developmentRegion = en;
			hasScannedForEncodings = 0;
			knownRegions = (
				en,
				Base,
				es,
			);
			mainGroup = 1871966924802831002EB4F2;
			productRefGroup = 1871967324802831002EB4F2 /* Products */;
			projectDirPath = "";
			projectRoot = "";
			targets = (
				1871967124802831002EB4F2 /* cir_wireless */,
			);
		};
/* End PBXProject section */

/* Begin PBXResourcesBuildPhase section */
		1871967024802831002EB4F2 /* Resources */ = {
			isa = PBXResourcesBuildPhase;
			buildActionMask = 2147483647;
			files = (
				1824E33624912C7B00F51B90 /* Localizable.strings in Resources */,
				1824E35424913C0500F51B90 /* InfoPlist.strings in Resources */,
				1871968224802842002EB4F2 /* LaunchScreen.storyboard in Resources */,
				1871967F24802842002EB4F2 /* Assets.xcassets in Resources */,
				1871967D24802831002EB4F2 /* Main.storyboard in Resources */,
				184B87A02492466500FF9C84 /* CirWirelessCell.xib in Resources */,
				182797D42481AAC5001DB18D /* Courtain.xib in Resources */,
			);
			runOnlyForDeploymentPostprocessing = 0;
		};
/* End PBXResourcesBuildPhase section */

/* Begin PBXSourcesBuildPhase section */
		1871966E24802831002EB4F2 /* Sources */ = {
			isa = PBXSourcesBuildPhase;
			buildActionMask = 2147483647;
			files = (
				185FD2A424AE9CB100A3D0ED /* Constants.swift in Sources */,
				18FB92F62492A7E500758541 /* ProgramExtensions.swift in Sources */,
				18F5BBB424A3A91A00DF0C40 /* CirProtocolPackage.swift in Sources */,
				18E299DA2489901300DAA22C /* BeaconModel.swift in Sources */,
				1807940224A0FE7100A19221 /* sftlencrypt.cpp in Sources */,
				188C9FE324993628005478E7 /* ControllerIdentifiers.swift in Sources */,
				185EBF37248ACFAB009B8389 /* BluetoothGattConstants.swift in Sources */,
				18F5BBB224A397E600DF0C40 /* AccessPointViewController.swift in Sources */,
				18B7A002248FF03900DB520E /* ScanBleController.swift in Sources */,
				18E299D624896D6800DAA22C /* CoreBluetoothActions.swift in Sources */,
				18E6F446249D30C900401A56 /* CirWirelessCommands.swift in Sources */,
				182797D62481AB2C001DB18D /* CourtainView.swift in Sources */,
				1807940624A1172000A19221 /* CurrentDate.swift in Sources */,
				184B66F324ABB3C500F84E72 /* TestWiFiConnectionViewController.swift in Sources */,
				180793FA24A0FBE600A19221 /* CryptoData.swift in Sources */,
				182C625E2497D06400201DF4 /* ConfigurationController.swift in Sources */,
				1864427024881A6000145AA7 /* RoundButton.swift in Sources */,
				184B879F2492466500FF9C84 /* CirWirelessCell.swift in Sources */,
				18CDB15F249AAAED0024DE00 /* AboutViewController.swift in Sources */,
				1871967624802831002EB4F2 /* AppDelegate.swift in Sources */,
				1869BCBE2486E415007095B4 /* QuickCommandPackage.swift in Sources */,
				1871967824802831002EB4F2 /* SceneDelegate.swift in Sources */,
				18E299D82489719E00DAA22C /* CirWirelessModel.swift in Sources */,
				18B7A0072490155A00DB520E /* PopUpAlert.swift in Sources */,
				1807940424A1063800A19221 /* CryptoConstants.swift in Sources */,
			);
			runOnlyForDeploymentPostprocessing = 0;
		};
/* End PBXSourcesBuildPhase section */

/* Begin PBXVariantGroup section */
		1824E33824912C7B00F51B90 /* Localizable.strings */ = {
			isa = PBXVariantGroup;
			children = (
				1824E33724912C7B00F51B90 /* en */,
				1824E33924912C8000F51B90 /* es */,
			);
			name = Localizable.strings;
			sourceTree = "<group>";
		};
		1824E35624913C0500F51B90 /* InfoPlist.strings */ = {
			isa = PBXVariantGroup;
			children = (
				1824E35524913C0500F51B90 /* en */,
				1824E35724913C0700F51B90 /* es */,
			);
			name = InfoPlist.strings;
			sourceTree = "<group>";
		};
		1871967B24802831002EB4F2 /* Main.storyboard */ = {
			isa = PBXVariantGroup;
			children = (
				1871967C24802831002EB4F2 /* Base */,
				18B7A008249018B800DB520E /* es */,
				1824E3592491481700F51B90 /* en */,
			);
			name = Main.storyboard;
			sourceTree = "<group>";
		};
		1871968024802842002EB4F2 /* LaunchScreen.storyboard */ = {
			isa = PBXVariantGroup;
			children = (
				1871968124802842002EB4F2 /* Base */,
				18B7A009249018B800DB520E /* es */,
			);
			name = LaunchScreen.storyboard;
			sourceTree = "<group>";
		};
/* End PBXVariantGroup section */

/* Begin XCBuildConfiguration section */
		1871968424802842002EB4F2 /* Debug */ = {
			isa = XCBuildConfiguration;
			buildSettings = {
				ALWAYS_SEARCH_USER_PATHS = NO;
				CLANG_ANALYZER_LOCALIZABILITY_NONLOCALIZED = YES;
				CLANG_ANALYZER_NONNULL = YES;
				CLANG_ANALYZER_NUMBER_OBJECT_CONVERSION = YES_AGGRESSIVE;
				CLANG_CXX_LANGUAGE_STANDARD = "gnu++14";
				CLANG_CXX_LIBRARY = "libc++";
				CLANG_ENABLE_MODULES = YES;
				CLANG_ENABLE_OBJC_ARC = YES;
				CLANG_ENABLE_OBJC_WEAK = YES;
				CLANG_WARN_BLOCK_CAPTURE_AUTORELEASING = YES;
				CLANG_WARN_BOOL_CONVERSION = YES;
				CLANG_WARN_COMMA = YES;
				CLANG_WARN_CONSTANT_CONVERSION = YES;
				CLANG_WARN_DEPRECATED_OBJC_IMPLEMENTATIONS = YES;
				CLANG_WARN_DIRECT_OBJC_ISA_USAGE = YES_ERROR;
				CLANG_WARN_DOCUMENTATION_COMMENTS = YES;
				CLANG_WARN_EMPTY_BODY = YES;
				CLANG_WARN_ENUM_CONVERSION = YES;
				CLANG_WARN_INFINITE_RECURSION = YES;
				CLANG_WARN_INT_CONVERSION = YES;
				CLANG_WARN_NON_LITERAL_NULL_CONVERSION = YES;
				CLANG_WARN_OBJC_IMPLICIT_RETAIN_SELF = YES;
				CLANG_WARN_OBJC_LITERAL_CONVERSION = YES;
				CLANG_WARN_OBJC_ROOT_CLASS = YES_ERROR;
				CLANG_WARN_RANGE_LOOP_ANALYSIS = YES;
				CLANG_WARN_STRICT_PROTOTYPES = YES;
				CLANG_WARN_SUSPICIOUS_MOVE = YES;
				CLANG_WARN_UNGUARDED_AVAILABILITY = YES_AGGRESSIVE;
				CLANG_WARN_UNREACHABLE_CODE = YES;
				CLANG_WARN__DUPLICATE_METHOD_MATCH = YES;
				COPY_PHASE_STRIP = NO;
				DEBUG_INFORMATION_FORMAT = dwarf;
				ENABLE_STRICT_OBJC_MSGSEND = YES;
				ENABLE_TESTABILITY = YES;
				GCC_C_LANGUAGE_STANDARD = gnu11;
				GCC_DYNAMIC_NO_PIC = NO;
				GCC_NO_COMMON_BLOCKS = YES;
				GCC_OPTIMIZATION_LEVEL = 0;
				GCC_PREPROCESSOR_DEFINITIONS = (
					"DEBUG=1",
					"$(inherited)",
				);
				GCC_WARN_64_TO_32_BIT_CONVERSION = YES;
				GCC_WARN_ABOUT_RETURN_TYPE = YES_ERROR;
				GCC_WARN_UNDECLARED_SELECTOR = YES;
				GCC_WARN_UNINITIALIZED_AUTOS = YES_AGGRESSIVE;
				GCC_WARN_UNUSED_FUNCTION = YES;
				GCC_WARN_UNUSED_VARIABLE = YES;
				IPHONEOS_DEPLOYMENT_TARGET = 13.0;
				MTL_ENABLE_DEBUG_INFO = INCLUDE_SOURCE;
				MTL_FAST_MATH = YES;
				ONLY_ACTIVE_ARCH = YES;
				SDKROOT = iphoneos;
				SWIFT_ACTIVE_COMPILATION_CONDITIONS = DEBUG;
				SWIFT_OPTIMIZATION_LEVEL = "-Onone";
			};
			name = Debug;
		};
		1871968524802842002EB4F2 /* Release */ = {
			isa = XCBuildConfiguration;
			buildSettings = {
				ALWAYS_SEARCH_USER_PATHS = NO;
				CLANG_ANALYZER_LOCALIZABILITY_NONLOCALIZED = YES;
				CLANG_ANALYZER_NONNULL = YES;
				CLANG_ANALYZER_NUMBER_OBJECT_CONVERSION = YES_AGGRESSIVE;
				CLANG_CXX_LANGUAGE_STANDARD = "gnu++14";
				CLANG_CXX_LIBRARY = "libc++";
				CLANG_ENABLE_MODULES = YES;
				CLANG_ENABLE_OBJC_ARC = YES;
				CLANG_ENABLE_OBJC_WEAK = YES;
				CLANG_WARN_BLOCK_CAPTURE_AUTORELEASING = YES;
				CLANG_WARN_BOOL_CONVERSION = YES;
				CLANG_WARN_COMMA = YES;
				CLANG_WARN_CONSTANT_CONVERSION = YES;
				CLANG_WARN_DEPRECATED_OBJC_IMPLEMENTATIONS = YES;
				CLANG_WARN_DIRECT_OBJC_ISA_USAGE = YES_ERROR;
				CLANG_WARN_DOCUMENTATION_COMMENTS = YES;
				CLANG_WARN_EMPTY_BODY = YES;
				CLANG_WARN_ENUM_CONVERSION = YES;
				CLANG_WARN_INFINITE_RECURSION = YES;
				CLANG_WARN_INT_CONVERSION = YES;
				CLANG_WARN_NON_LITERAL_NULL_CONVERSION = YES;
				CLANG_WARN_OBJC_IMPLICIT_RETAIN_SELF = YES;
				CLANG_WARN_OBJC_LITERAL_CONVERSION = YES;
				CLANG_WARN_OBJC_ROOT_CLASS = YES_ERROR;
				CLANG_WARN_RANGE_LOOP_ANALYSIS = YES;
				CLANG_WARN_STRICT_PROTOTYPES = YES;
				CLANG_WARN_SUSPICIOUS_MOVE = YES;
				CLANG_WARN_UNGUARDED_AVAILABILITY = YES_AGGRESSIVE;
				CLANG_WARN_UNREACHABLE_CODE = YES;
				CLANG_WARN__DUPLICATE_METHOD_MATCH = YES;
				COPY_PHASE_STRIP = NO;
				DEBUG_INFORMATION_FORMAT = "dwarf-with-dsym";
				ENABLE_NS_ASSERTIONS = NO;
				ENABLE_STRICT_OBJC_MSGSEND = YES;
				GCC_C_LANGUAGE_STANDARD = gnu11;
				GCC_NO_COMMON_BLOCKS = YES;
				GCC_WARN_64_TO_32_BIT_CONVERSION = YES;
				GCC_WARN_ABOUT_RETURN_TYPE = YES_ERROR;
				GCC_WARN_UNDECLARED_SELECTOR = YES;
				GCC_WARN_UNINITIALIZED_AUTOS = YES_AGGRESSIVE;
				GCC_WARN_UNUSED_FUNCTION = YES;
				GCC_WARN_UNUSED_VARIABLE = YES;
				IPHONEOS_DEPLOYMENT_TARGET = 13.0;
				MTL_ENABLE_DEBUG_INFO = NO;
				MTL_FAST_MATH = YES;
				SDKROOT = iphoneos;
				SWIFT_COMPILATION_MODE = wholemodule;
				SWIFT_OPTIMIZATION_LEVEL = "-O";
				VALIDATE_PRODUCT = YES;
			};
			name = Release;
		};
		1871968724802842002EB4F2 /* Debug */ = {
			isa = XCBuildConfiguration;
			buildSettings = {
				ASSETCATALOG_COMPILER_APPICON_NAME = AppIcon;
				CLANG_ENABLE_MODULES = YES;
				CODE_SIGN_ENTITLEMENTS = "cir_wireless/Cir Wireless.entitlements";
				CODE_SIGN_IDENTITY = "Apple Development";
				CODE_SIGN_STYLE = Automatic;
				CURRENT_PROJECT_VERSION = 4;
				DEVELOPMENT_TEAM = WD3BU8CW64;
				INFOPLIST_FILE = cir_wireless/Info.plist;
				IPHONEOS_DEPLOYMENT_TARGET = 13.4;
				LD_RUNPATH_SEARCH_PATHS = (
					"$(inherited)",
					"@executable_path/Frameworks",
				);
				MARKETING_VERSION = 1.0.0;
				PRODUCT_BUNDLE_IDENTIFIER = "com.softel.cir-wireless";
				PRODUCT_NAME = "Cir Wireless";
				PROVISIONING_PROFILE_SPECIFIER = "";
				SWIFT_OBJC_BRIDGING_HEADER = "cir_wireless/bluetooth_low_energy/cpp/cir_wireless-Bridging-Header.h";
				SWIFT_OPTIMIZATION_LEVEL = "-Onone";
				SWIFT_VERSION = 5.0;
				TARGETED_DEVICE_FAMILY = 1;
			};
			name = Debug;
		};
		1871968824802842002EB4F2 /* Release */ = {
			isa = XCBuildConfiguration;
			buildSettings = {
				ASSETCATALOG_COMPILER_APPICON_NAME = AppIcon;
				CLANG_ENABLE_MODULES = YES;
				CODE_SIGN_ENTITLEMENTS = "cir_wireless/Cir WirelessRelease.entitlements";
				CODE_SIGN_IDENTITY = "Apple Development";
				CODE_SIGN_STYLE = Automatic;
				CURRENT_PROJECT_VERSION = 4;
				DEVELOPMENT_TEAM = WD3BU8CW64;
				INFOPLIST_FILE = cir_wireless/Info.plist;
				IPHONEOS_DEPLOYMENT_TARGET = 13.4;
				LD_RUNPATH_SEARCH_PATHS = (
					"$(inherited)",
					"@executable_path/Frameworks",
				);
				MARKETING_VERSION = 1.0.0;
				PRODUCT_BUNDLE_IDENTIFIER = "com.softel.cir-wireless";
				PRODUCT_NAME = "Cir Wireless";
				PROVISIONING_PROFILE_SPECIFIER = "";
				SWIFT_OBJC_BRIDGING_HEADER = "cir_wireless/bluetooth_low_energy/cpp/cir_wireless-Bridging-Header.h";
				SWIFT_VERSION = 5.0;
				TARGETED_DEVICE_FAMILY = 1;
			};
			name = Release;
		};
/* End XCBuildConfiguration section */

/* Begin XCConfigurationList section */
		1871966D24802831002EB4F2 /* Build configuration list for PBXProject "cir_wireless" */ = {
			isa = XCConfigurationList;
			buildConfigurations = (
				1871968424802842002EB4F2 /* Debug */,
				1871968524802842002EB4F2 /* Release */,
			);
			defaultConfigurationIsVisible = 0;
			defaultConfigurationName = Release;
		};
		1871968624802842002EB4F2 /* Build configuration list for PBXNativeTarget "cir_wireless" */ = {
			isa = XCConfigurationList;
			buildConfigurations = (
				1871968724802842002EB4F2 /* Debug */,
				1871968824802842002EB4F2 /* Release */,
			);
			defaultConfigurationIsVisible = 0;
			defaultConfigurationName = Release;
		};
/* End XCConfigurationList section */
	};
	rootObject = 1871966A24802831002EB4F2 /* Project object */;
}
